// !$*UTF8*$!
{
	archiveVersion = 1;
	classes = {
	};
	objectVersion = 52;
	objects = {

/* Begin PBXBuildFile section */
		01ADE0E622E08661005DC3D4 /* ClaretCache in Frameworks */ = {isa = PBXBuildFile; productRef = 01ADE0E522E08661005DC3D4 /* ClaretCache */; };
		01C75DEC22E0723E00C7D03F /* AppDelegate.swift in Sources */ = {isa = PBXBuildFile; fileRef = 01C75DEB22E0723E00C7D03F /* AppDelegate.swift */; };
		01C75DEE22E0723E00C7D03F /* ViewController.swift in Sources */ = {isa = PBXBuildFile; fileRef = 01C75DED22E0723E00C7D03F /* ViewController.swift */; };
		01C75DF122E0723E00C7D03F /* Main.storyboard in Resources */ = {isa = PBXBuildFile; fileRef = 01C75DEF22E0723E00C7D03F /* Main.storyboard */; };
		01C75DF322E0724000C7D03F /* Assets.xcassets in Resources */ = {isa = PBXBuildFile; fileRef = 01C75DF222E0724000C7D03F /* Assets.xcassets */; };
		01C75DF622E0724000C7D03F /* LaunchScreen.storyboard in Resources */ = {isa = PBXBuildFile; fileRef = 01C75DF422E0724000C7D03F /* LaunchScreen.storyboard */; };
		01FA686D22E719DB008E24FC /* MemoryCache.swift in Sources */ = {isa = PBXBuildFile; fileRef = 01FA686B22E719DB008E24FC /* MemoryCache.swift */; };
		01FA686E22E719DB008E24FC /* ClaretCache.swift in Sources */ = {isa = PBXBuildFile; fileRef = 01FA686C22E719DB008E24FC /* ClaretCache.swift */; };
/* End PBXBuildFile section */

/* Begin PBXFileReference section */
		01C75DE822E0723E00C7D03F /* ClaretCacheDemo.app */ = {isa = PBXFileReference; explicitFileType = wrapper.application; includeInIndex = 0; path = ClaretCacheDemo.app; sourceTree = BUILT_PRODUCTS_DIR; };
		01C75DEB22E0723E00C7D03F /* AppDelegate.swift */ = {isa = PBXFileReference; lastKnownFileType = sourcecode.swift; path = AppDelegate.swift; sourceTree = "<group>"; };
		01C75DED22E0723E00C7D03F /* ViewController.swift */ = {isa = PBXFileReference; lastKnownFileType = sourcecode.swift; path = ViewController.swift; sourceTree = "<group>"; };
		01C75DF022E0723E00C7D03F /* Base */ = {isa = PBXFileReference; lastKnownFileType = file.storyboard; name = Base; path = Base.lproj/Main.storyboard; sourceTree = "<group>"; };
		01C75DF222E0724000C7D03F /* Assets.xcassets */ = {isa = PBXFileReference; lastKnownFileType = folder.assetcatalog; path = Assets.xcassets; sourceTree = "<group>"; };
		01C75DF522E0724000C7D03F /* Base */ = {isa = PBXFileReference; lastKnownFileType = file.storyboard; name = Base; path = Base.lproj/LaunchScreen.storyboard; sourceTree = "<group>"; };
		01C75DF722E0724000C7D03F /* Info.plist */ = {isa = PBXFileReference; lastKnownFileType = text.plist.xml; path = Info.plist; sourceTree = "<group>"; };
		01FA686B22E719DB008E24FC /* MemoryCache.swift */ = {isa = PBXFileReference; fileEncoding = 4; lastKnownFileType = sourcecode.swift; path = MemoryCache.swift; sourceTree = "<group>"; };
		01FA686C22E719DB008E24FC /* ClaretCache.swift */ = {isa = PBXFileReference; fileEncoding = 4; lastKnownFileType = sourcecode.swift; path = ClaretCache.swift; sourceTree = "<group>"; };
/* End PBXFileReference section */

/* Begin PBXFrameworksBuildPhase section */
		01C75DE522E0723E00C7D03F /* Frameworks */ = {
			isa = PBXFrameworksBuildPhase;
			buildActionMask = 2147483647;
			files = (
				01ADE0E622E08661005DC3D4 /* ClaretCache in Frameworks */,
			);
			runOnlyForDeploymentPostprocessing = 0;
		};
/* End PBXFrameworksBuildPhase section */

/* Begin PBXGroup section */
		01C75DDF22E0723E00C7D03F = {
			isa = PBXGroup;
			children = (
				01C75DEA22E0723E00C7D03F /* ClaretCacheDemo */,
				01C75DE922E0723E00C7D03F /* Products */,
			);
			sourceTree = "<group>";
		};
		01C75DE922E0723E00C7D03F /* Products */ = {
			isa = PBXGroup;
			children = (
				01C75DE822E0723E00C7D03F /* ClaretCacheDemo.app */,
			);
			name = Products;
			sourceTree = "<group>";
		};
		01C75DEA22E0723E00C7D03F /* ClaretCacheDemo */ = {
			isa = PBXGroup;
			children = (
				01C75DEB22E0723E00C7D03F /* AppDelegate.swift */,
				01C75DED22E0723E00C7D03F /* ViewController.swift */,
				01C75DEF22E0723E00C7D03F /* Main.storyboard */,
				01FA686922E719DB008E24FC /* Sources */,
				01C75DF222E0724000C7D03F /* Assets.xcassets */,
				01C75DF422E0724000C7D03F /* LaunchScreen.storyboard */,
				01C75DF722E0724000C7D03F /* Info.plist */,
			);
			path = ClaretCacheDemo;
			sourceTree = "<group>";
		};
		01FA686922E719DB008E24FC /* Sources */ = {
			isa = PBXGroup;
			children = (
				01FA686A22E719DB008E24FC /* ClaretCache */,
			);
			path = Sources;
			sourceTree = SOURCE_ROOT;
		};
		01FA686A22E719DB008E24FC /* ClaretCache */ = {
			isa = PBXGroup;
			children = (
				01FA686B22E719DB008E24FC /* MemoryCache.swift */,
				01FA686C22E719DB008E24FC /* ClaretCache.swift */,
			);
			path = ClaretCache;
			sourceTree = "<group>";
		};
/* End PBXGroup section */

/* Begin PBXNativeTarget section */
		01C75DE722E0723E00C7D03F /* ClaretCacheDemo */ = {
			isa = PBXNativeTarget;
			buildConfigurationList = 01C75DFA22E0724000C7D03F /* Build configuration list for PBXNativeTarget "ClaretCacheDemo" */;
			buildPhases = (
				01C75DE422E0723E00C7D03F /* Sources */,
				01C75DE522E0723E00C7D03F /* Frameworks */,
				01C75DE622E0723E00C7D03F /* Resources */,
				01FA686F22E719F3008E24FC /* ShellScript */,
			);
			buildRules = (
			);
			dependencies = (
			);
			name = ClaretCacheDemo;
			packageProductDependencies = (
				01ADE0E522E08661005DC3D4 /* ClaretCache */,
			);
			productName = ClaretCacheDemo;
			productReference = 01C75DE822E0723E00C7D03F /* ClaretCacheDemo.app */;
			productType = "com.apple.product-type.application";
		};
/* End PBXNativeTarget section */

/* Begin PBXProject section */
		01C75DE022E0723E00C7D03F /* Project object */ = {
			isa = PBXProject;
			attributes = {
				LastSwiftUpdateCheck = 1020;
				LastUpgradeCheck = 1020;
				ORGANIZATIONNAME = com.ClaretCache;
				TargetAttributes = {
					01C75DE722E0723E00C7D03F = {
						CreatedOnToolsVersion = 10.2.1;
					};
				};
			};
			buildConfigurationList = 01C75DE322E0723E00C7D03F /* Build configuration list for PBXProject "ClaretCacheDemo" */;
			compatibilityVersion = "Xcode 9.3";
			developmentRegion = en;
			hasScannedForEncodings = 0;
			knownRegions = (
				en,
				Base,
			);
			mainGroup = 01C75DDF22E0723E00C7D03F;
			packageReferences = (
				01ADE0E422E08661005DC3D4 /* XCRemoteSwiftPackageReference "ClaretCache" */,
			);
			productRefGroup = 01C75DE922E0723E00C7D03F /* Products */;
			projectDirPath = "";
			projectRoot = "";
			targets = (
				01C75DE722E0723E00C7D03F /* ClaretCacheDemo */,
			);
		};
/* End PBXProject section */

/* Begin PBXResourcesBuildPhase section */
		01C75DE622E0723E00C7D03F /* Resources */ = {
			isa = PBXResourcesBuildPhase;
			buildActionMask = 2147483647;
			files = (
				01C75DF622E0724000C7D03F /* LaunchScreen.storyboard in Resources */,
				01C75DF322E0724000C7D03F /* Assets.xcassets in Resources */,
				01C75DF122E0723E00C7D03F /* Main.storyboard in Resources */,
			);
			runOnlyForDeploymentPostprocessing = 0;
		};
/* End PBXResourcesBuildPhase section */

/* Begin PBXShellScriptBuildPhase section */
		01FA686F22E719F3008E24FC /* ShellScript */ = {
			isa = PBXShellScriptBuildPhase;
			buildActionMask = 12;
			files = (
			);
			inputFileListPaths = (
			);
			inputPaths = (
			);
			outputFileListPaths = (
			);
			outputPaths = (
			);
			runOnlyForDeploymentPostprocessing = 0;
			shellPath = /bin/sh;
			shellScript = "# Type a script or drag a script file from your workspace to insert its path.\nif which swiftlint >/dev/null; then\nswiftlint\nelse\necho \"warning: SwiftLint not installed, download from https://github.com/realm/SwiftLint\"\nfi\n";
		};
/* End PBXShellScriptBuildPhase section */

/* Begin PBXSourcesBuildPhase section */
		01C75DE422E0723E00C7D03F /* Sources */ = {
			isa = PBXSourcesBuildPhase;
			buildActionMask = 2147483647;
			files = (
				01FA686D22E719DB008E24FC /* MemoryCache.swift in Sources */,
				01C75DEE22E0723E00C7D03F /* ViewController.swift in Sources */,
				01C75DEC22E0723E00C7D03F /* AppDelegate.swift in Sources */,
				01FA686E22E719DB008E24FC /* ClaretCache.swift in Sources */,
			);
			runOnlyForDeploymentPostprocessing = 0;
		};
/* End PBXSourcesBuildPhase section */

/* Begin PBXVariantGroup section */
		01C75DEF22E0723E00C7D03F /* Main.storyboard */ = {
			isa = PBXVariantGroup;
			children = (
				01C75DF022E0723E00C7D03F /* Base */,
			);
			name = Main.storyboard;
			sourceTree = "<group>";
		};
		01C75DF422E0724000C7D03F /* LaunchScreen.storyboard */ = {
			isa = PBXVariantGroup;
			children = (
				01C75DF522E0724000C7D03F /* Base */,
			);
			name = LaunchScreen.storyboard;
			sourceTree = "<group>";
		};
/* End PBXVariantGroup section */

/* Begin XCBuildConfiguration section */
		01C75DF822E0724000C7D03F /* Debug */ = {
			isa = XCBuildConfiguration;
			buildSettings = {
				ALWAYS_SEARCH_USER_PATHS = NO;
				CLANG_ANALYZER_NONNULL = YES;
				CLANG_ANALYZER_NUMBER_OBJECT_CONVERSION = YES_AGGRESSIVE;
				CLANG_CXX_LANGUAGE_STANDARD = "gnu++14";
				CLANG_CXX_LIBRARY = "libc++";
				CLANG_ENABLE_MODULES = YES;
				CLANG_ENABLE_OBJC_ARC = YES;
				CLANG_ENABLE_OBJC_WEAK = YES;
				CLANG_WARN_BLOCK_CAPTURE_AUTORELEASING = YES;
				CLANG_WARN_BOOL_CONVERSION = YES;
				CLANG_WARN_COMMA = YES;
				CLANG_WARN_CONSTANT_CONVERSION = YES;
				CLANG_WARN_DEPRECATED_OBJC_IMPLEMENTATIONS = YES;
				CLANG_WARN_DIRECT_OBJC_ISA_USAGE = YES_ERROR;
				CLANG_WARN_DOCUMENTATION_COMMENTS = YES;
				CLANG_WARN_EMPTY_BODY = YES;
				CLANG_WARN_ENUM_CONVERSION = YES;
				CLANG_WARN_INFINITE_RECURSION = YES;
				CLANG_WARN_INT_CONVERSION = YES;
				CLANG_WARN_NON_LITERAL_NULL_CONVERSION = YES;
				CLANG_WARN_OBJC_IMPLICIT_RETAIN_SELF = YES;
				CLANG_WARN_OBJC_LITERAL_CONVERSION = YES;
				CLANG_WARN_OBJC_ROOT_CLASS = YES_ERROR;
				CLANG_WARN_RANGE_LOOP_ANALYSIS = YES;
				CLANG_WARN_STRICT_PROTOTYPES = YES;
				CLANG_WARN_SUSPICIOUS_MOVE = YES;
				CLANG_WARN_UNGUARDED_AVAILABILITY = YES_AGGRESSIVE;
				CLANG_WARN_UNREACHABLE_CODE = YES;
				CLANG_WARN__DUPLICATE_METHOD_MATCH = YES;
				CODE_SIGN_IDENTITY = "iPhone Developer";
				COPY_PHASE_STRIP = NO;
				DEBUG_INFORMATION_FORMAT = dwarf;
				ENABLE_STRICT_OBJC_MSGSEND = YES;
				ENABLE_TESTABILITY = YES;
				GCC_C_LANGUAGE_STANDARD = gnu11;
				GCC_DYNAMIC_NO_PIC = NO;
				GCC_NO_COMMON_BLOCKS = YES;
				GCC_OPTIMIZATION_LEVEL = 0;
				GCC_PREPROCESSOR_DEFINITIONS = (
					"DEBUG=1",
					"$(inherited)",
				);
				GCC_WARN_64_TO_32_BIT_CONVERSION = YES;
				GCC_WARN_ABOUT_RETURN_TYPE = YES_ERROR;
				GCC_WARN_UNDECLARED_SELECTOR = YES;
				GCC_WARN_UNINITIALIZED_AUTOS = YES_AGGRESSIVE;
				GCC_WARN_UNUSED_FUNCTION = YES;
				GCC_WARN_UNUSED_VARIABLE = YES;
				IPHONEOS_DEPLOYMENT_TARGET = 10.0;
				MTL_ENABLE_DEBUG_INFO = INCLUDE_SOURCE;
				MTL_FAST_MATH = YES;
				ONLY_ACTIVE_ARCH = YES;
				SDKROOT = iphoneos;
				SWIFT_ACTIVE_COMPILATION_CONDITIONS = DEBUG;
				SWIFT_OPTIMIZATION_LEVEL = "-Onone";
			};
			name = Debug;
		};
		01C75DF922E0724000C7D03F /* Release */ = {
			isa = XCBuildConfiguration;
			buildSettings = {
				ALWAYS_SEARCH_USER_PATHS = NO;
				CLANG_ANALYZER_NONNULL = YES;
				CLANG_ANALYZER_NUMBER_OBJECT_CONVERSION = YES_AGGRESSIVE;
				CLANG_CXX_LANGUAGE_STANDARD = "gnu++14";
				CLANG_CXX_LIBRARY = "libc++";
				CLANG_ENABLE_MODULES = YES;
				CLANG_ENABLE_OBJC_ARC = YES;
				CLANG_ENABLE_OBJC_WEAK = YES;
				CLANG_WARN_BLOCK_CAPTURE_AUTORELEASING = YES;
				CLANG_WARN_BOOL_CONVERSION = YES;
				CLANG_WARN_COMMA = YES;
				CLANG_WARN_CONSTANT_CONVERSION = YES;
				CLANG_WARN_DEPRECATED_OBJC_IMPLEMENTATIONS = YES;
				CLANG_WARN_DIRECT_OBJC_ISA_USAGE = YES_ERROR;
				CLANG_WARN_DOCUMENTATION_COMMENTS = YES;
				CLANG_WARN_EMPTY_BODY = YES;
				CLANG_WARN_ENUM_CONVERSION = YES;
				CLANG_WARN_INFINITE_RECURSION = YES;
				CLANG_WARN_INT_CONVERSION = YES;
				CLANG_WARN_NON_LITERAL_NULL_CONVERSION = YES;
				CLANG_WARN_OBJC_IMPLICIT_RETAIN_SELF = YES;
				CLANG_WARN_OBJC_LITERAL_CONVERSION = YES;
				CLANG_WARN_OBJC_ROOT_CLASS = YES_ERROR;
				CLANG_WARN_RANGE_LOOP_ANALYSIS = YES;
				CLANG_WARN_STRICT_PROTOTYPES = YES;
				CLANG_WARN_SUSPICIOUS_MOVE = YES;
				CLANG_WARN_UNGUARDED_AVAILABILITY = YES_AGGRESSIVE;
				CLANG_WARN_UNREACHABLE_CODE = YES;
				CLANG_WARN__DUPLICATE_METHOD_MATCH = YES;
				CODE_SIGN_IDENTITY = "iPhone Developer";
				COPY_PHASE_STRIP = NO;
				DEBUG_INFORMATION_FORMAT = "dwarf-with-dsym";
				ENABLE_NS_ASSERTIONS = NO;
				ENABLE_STRICT_OBJC_MSGSEND = YES;
				GCC_C_LANGUAGE_STANDARD = gnu11;
				GCC_NO_COMMON_BLOCKS = YES;
				GCC_WARN_64_TO_32_BIT_CONVERSION = YES;
				GCC_WARN_ABOUT_RETURN_TYPE = YES_ERROR;
				GCC_WARN_UNDECLARED_SELECTOR = YES;
				GCC_WARN_UNINITIALIZED_AUTOS = YES_AGGRESSIVE;
				GCC_WARN_UNUSED_FUNCTION = YES;
				GCC_WARN_UNUSED_VARIABLE = YES;
				IPHONEOS_DEPLOYMENT_TARGET = 10.0;
				MTL_ENABLE_DEBUG_INFO = NO;
				MTL_FAST_MATH = YES;
				SDKROOT = iphoneos;
				SWIFT_COMPILATION_MODE = wholemodule;
				SWIFT_OPTIMIZATION_LEVEL = "-O";
				VALIDATE_PRODUCT = YES;
			};
			name = Release;
		};
		01C75DFB22E0724000C7D03F /* Debug */ = {
			isa = XCBuildConfiguration;
			buildSettings = {
				ASSETCATALOG_COMPILER_APPICON_NAME = AppIcon;
				CODE_SIGN_STYLE = Automatic;
				DEVELOPMENT_TEAM = 7GZF8W7RUY;
				INFOPLIST_FILE = ClaretCacheDemo/Info.plist;
				IPHONEOS_DEPLOYMENT_TARGET = 10.0;
				LD_RUNPATH_SEARCH_PATHS = (
					"$(inherited)",
					"@executable_path/Frameworks",
				);
				PRODUCT_BUNDLE_IDENTIFIER = com.ClaretCache.ClaretCacheDemo;
				PRODUCT_NAME = "$(TARGET_NAME)";
				SWIFT_VERSION = 5.0;
				TARGETED_DEVICE_FAMILY = "1,2";
			};
			name = Debug;
		};
		01C75DFC22E0724000C7D03F /* Release */ = {
			isa = XCBuildConfiguration;
			buildSettings = {
				ASSETCATALOG_COMPILER_APPICON_NAME = AppIcon;
				CODE_SIGN_STYLE = Automatic;
				DEVELOPMENT_TEAM = 7GZF8W7RUY;
				INFOPLIST_FILE = ClaretCacheDemo/Info.plist;
				IPHONEOS_DEPLOYMENT_TARGET = 10.0;
				LD_RUNPATH_SEARCH_PATHS = (
					"$(inherited)",
					"@executable_path/Frameworks",
				);
				PRODUCT_BUNDLE_IDENTIFIER = com.ClaretCache.ClaretCacheDemo;
				PRODUCT_NAME = "$(TARGET_NAME)";
				SWIFT_VERSION = 5.0;
				TARGETED_DEVICE_FAMILY = "1,2";
			};
			name = Release;
		};
/* End XCBuildConfiguration section */

/* Begin XCConfigurationList section */
		01C75DE322E0723E00C7D03F /* Build configuration list for PBXProject "ClaretCacheDemo" */ = {
			isa = XCConfigurationList;
			buildConfigurations = (
				01C75DF822E0724000C7D03F /* Debug */,
				01C75DF922E0724000C7D03F /* Release */,
			);
			defaultConfigurationIsVisible = 0;
			defaultConfigurationName = Release;
		};
		01C75DFA22E0724000C7D03F /* Build configuration list for PBXNativeTarget "ClaretCacheDemo" */ = {
			isa = XCConfigurationList;
			buildConfigurations = (
				01C75DFB22E0724000C7D03F /* Debug */,
				01C75DFC22E0724000C7D03F /* Release */,
			);
			defaultConfigurationIsVisible = 0;
			defaultConfigurationName = Release;
		};
/* End XCConfigurationList section */

/* Begin XCRemoteSwiftPackageReference section */
		01ADE0E422E08661005DC3D4 /* XCRemoteSwiftPackageReference "ClaretCache" */ = {
			isa = XCRemoteSwiftPackageReference;
			repositoryURL = "https://github.com/iteatimeteam/ClaretCache.git";
			requirement = {
				branch = master;
				kind = branch;
			};
		};
/* End XCRemoteSwiftPackageReference section */

/* Begin XCSwiftPackageProductDependency section */
		01ADE0E522E08661005DC3D4 /* ClaretCache */ = {
			isa = XCSwiftPackageProductDependency;
			package = 01ADE0E422E08661005DC3D4 /* XCRemoteSwiftPackageReference "ClaretCache" */;
			productName = ClaretCache;
		};
/* End XCSwiftPackageProductDependency section */
	};
	rootObject = 01C75DE022E0723E00C7D03F /* Project object */;
}
